GENERATE-LOAD-SCRIPTS: ON
RESTRICTION: == netstandard2.0
NUGET
  remote: https://api.nuget.org/v3/index.json
    Forest (1.0.0-alpha.4)
      FSharp.Core (>= 4.3.4)
      NETStandard.Library (>= 2.0.3)
    Forest.ConsoleWriter (1.0.0-alpha.4)
      Forest (>= 1.0.0-alpha.4)
      FSharp.Core (>= 4.3.4)
      NETStandard.Library (>= 2.0.3)
      Texta (>= 1.0.0-alpha.4)
    Forest.FileWriter (1.0.0-alpha.4)
      Forest (>= 1.0.0-alpha.4)
      FSharp.Core (>= 4.3.4)
      NETStandard.Library (>= 2.0.3)
    FSharp.Core (4.3.4)
    FsUnit (3.2)
      FSharp.Core (>= 4.2.3)
      NETStandard.Library (>= 2.0.3)
      nunit (>= 3.10.1 < 3.11)
    Microsoft.NET.Test.Sdk (15.7.2)
    Microsoft.NETCore.Platforms (2.1.1)
    NetBio.Core (3.0.0-alpha)
    NETStandard.Library (2.0.3)
      Microsoft.NETCore.Platforms (>= 1.1)
    nunit (3.10.1)
      NETStandard.Library (>= 2.0)
    NUnit3TestAdapter (3.10)
    Texta (1.0.0-alpha.4)
      FSharp.Core (>= 4.3.4)
      NETStandard.Library (>= 2.0.3)
